<Solution>
  <Project Path="Age.Assets/Age.Assets.csproj" />
  <Project Path="Age.Audio/Age.Audio.csproj" />
  <Project Path="Age.Core/Age.Core.csproj" />
  <Project Path="Age.Input/Age.Input.csproj" />
  <Project Path="Age.Physics/Age.Physics.csproj" />
  <Project Path="Age.Rendering/Age.Rendering.csproj" />
  <Project Path="Age.UI/Age.UI.csproj" />
  <Project Path="Age.Sample/Age.Sample.csproj" />
  <Project Path="Age.Tests/Age.Tests.csproj" />
</Solution>
